
Microsoft Visual Studio Solution File, Format Version 12.00
# Visual Studio 15
VisualStudioVersion = 15.0.28307.705
MinimumVisualStudioVersion = 10.0.40219.1
Project("{2150E333-8FDC-42A3-9474-1A3956D46DE8}") = "1 - Presentation", "1 - Presentation", "{0FC31EA0-BD12-4CF3-BEED-C5FFC12399EE}"
EndProject
Project("{2150E333-8FDC-42A3-9474-1A3956D46DE8}") = "2- Application", "2- Application", "{E8616FF5-1224-4AE1-9C7E-2875B8C9839E}"
EndProject
Project("{2150E333-8FDC-42A3-9474-1A3956D46DE8}") = "3 - Domain", "3 - Domain", "{06B36992-0B5A-474A-9857-D3CA038C75A2}"
EndProject
Project("{2150E333-8FDC-42A3-9474-1A3956D46DE8}") = "4 - Infrastructure", "4 - Infrastructure", "{A595C0DB-AA04-45BF-84CC-E7DACEEA459C}"
EndProject
Project("{2150E333-8FDC-42A3-9474-1A3956D46DE8}") = "Data", "Data", "{16EF5B4B-3531-49A9-B21A-E826F8AF2FD2}"
EndProject
Project("{9A19103F-16F7-4668-BE54-9A1E7A4F7556}") = "Monitoria.Domain.Registration", "Monitoria.Domain.Registration\Monitoria.Domain.Registration.csproj", "{EA6E1CB7-2661-44A0-9D17-6E0C44EB48B9}"
EndProject
Project("{9A19103F-16F7-4668-BE54-9A1E7A4F7556}") = "Monitoria.Domain.PetCare", "Monitoria.Domain.PetCare\Monitoria.Domain.PetCare.csproj", "{D73E5380-ED2D-446F-A5D7-29FFF3B0BCCC}"
EndProject
Project("{2150E333-8FDC-42A3-9474-1A3956D46DE8}") = "PetCare", "PetCare", "{3D4F50CD-89FB-4CF0-88AA-353EB5B6A390}"
EndProject
Project("{2150E333-8FDC-42A3-9474-1A3956D46DE8}") = "Registration", "Registration", "{A9ECC21D-09B4-41A5-B694-B27696FD6D43}"
EndProject
Project("{2150E333-8FDC-42A3-9474-1A3956D46DE8}") = "IOC", "IOC", "{E1F2060B-E0DD-4900-A5F5-9494B00299B4}"
EndProject
Project("{9A19103F-16F7-4668-BE54-9A1E7A4F7556}") = "Monitoria.Infra.IoC", "Monitoria.Infra.Shared\Monitoria.Infra.IoC.csproj", "{1B970975-EDDE-4190-AB75-224EE3157E29}"
EndProject
Project("{9A19103F-16F7-4668-BE54-9A1E7A4F7556}") = "Monitoria.Infra.Data", "Monitoria.Infra.Data\Monitoria.Infra.Data.csproj", "{6825D9EF-EAA5-4971-91CD-69CB6D3D3AA4}"
EndProject
Project("{2150E333-8FDC-42A3-9474-1A3956D46DE8}") = "Shared", "Shared", "{F1B2CC76-36C2-4517-95D3-475E0C787B0B}"
EndProject
Project("{9A19103F-16F7-4668-BE54-9A1E7A4F7556}") = "Monitoria.Domain.Shared", "Monitoria.Domain.Shared\Monitoria.Domain.Shared.csproj", "{60ABB8DE-FC9E-4893-9F16-376987241EAE}"
EndProject
Project("{2150E333-8FDC-42A3-9474-1A3956D46DE8}") = "5 - Tests", "5 - Tests", "{1499D49A-0F0A-4121-8FF8-74B088137028}"
EndProject
Project("{2150E333-8FDC-42A3-9474-1A3956D46DE8}") = "DomainTests", "DomainTests", "{98C562EA-2BF6-40AB-B7B9-21F32A4E9921}"
EndProject
Project("{9A19103F-16F7-4668-BE54-9A1E7A4F7556}") = "Monitoria.Domain.Registration.Tests", "Monitoria.Domain.Registration.Tests\Monitoria.Domain.Registration.Tests.csproj", "{583A1DA0-52A7-465B-BC41-88852FD14BF9}"
EndProject
Project("{9A19103F-16F7-4668-BE54-9A1E7A4F7556}") = "Monitoria.Domain.PetCare.Tests", "Monitoria.Domain.PetCare.Tests\Monitoria.Domain.PetCare.Tests.csproj", "{5E292CAF-8A2F-488A-8DF4-02B6A7FFB1ED}"
EndProject
Project("{9A19103F-16F7-4668-BE54-9A1E7A4F7556}") = "Monitoria.Domain.Shared.Tests", "Monitoria.Domain.Shared.Tests\Monitoria.Domain.Shared.Tests.csproj", "{F5E05303-AF4B-4C52-9DA3-8F14EFE89D51}"
EndProject
Project("{2150E333-8FDC-42A3-9474-1A3956D46DE8}") = "API", "API", "{67E111B3-4C02-4A35-930B-0C61281AA62B}"
EndProject
Project("{FAE04EC0-301F-11D3-BF4B-00C04F79EFBC}") = "Monitoria.API", "Monitoria.API\Monitoria.API.csproj", "{3466BCBB-2657-4505-8172-776523E20200}"
EndProject
Global
	GlobalSection(SolutionConfigurationPlatforms) = preSolution
		Debug|Any CPU = Debug|Any CPU
		Release|Any CPU = Release|Any CPU
	EndGlobalSection
	GlobalSection(ProjectConfigurationPlatforms) = postSolution
		{EA6E1CB7-2661-44A0-9D17-6E0C44EB48B9}.Debug|Any CPU.ActiveCfg = Debug|Any CPU
		{EA6E1CB7-2661-44A0-9D17-6E0C44EB48B9}.Debug|Any CPU.Build.0 = Debug|Any CPU
		{EA6E1CB7-2661-44A0-9D17-6E0C44EB48B9}.Release|Any CPU.ActiveCfg = Release|Any CPU
		{EA6E1CB7-2661-44A0-9D17-6E0C44EB48B9}.Release|Any CPU.Build.0 = Release|Any CPU
		{D73E5380-ED2D-446F-A5D7-29FFF3B0BCCC}.Debug|Any CPU.ActiveCfg = Debug|Any CPU
		{D73E5380-ED2D-446F-A5D7-29FFF3B0BCCC}.Debug|Any CPU.Build.0 = Debug|Any CPU
		{D73E5380-ED2D-446F-A5D7-29FFF3B0BCCC}.Release|Any CPU.ActiveCfg = Release|Any CPU
		{D73E5380-ED2D-446F-A5D7-29FFF3B0BCCC}.Release|Any CPU.Build.0 = Release|Any CPU
		{1B970975-EDDE-4190-AB75-224EE3157E29}.Debug|Any CPU.ActiveCfg = Debug|Any CPU
		{1B970975-EDDE-4190-AB75-224EE3157E29}.Debug|Any CPU.Build.0 = Debug|Any CPU
		{1B970975-EDDE-4190-AB75-224EE3157E29}.Release|Any CPU.ActiveCfg = Release|Any CPU
		{1B970975-EDDE-4190-AB75-224EE3157E29}.Release|Any CPU.Build.0 = Release|Any CPU
		{6825D9EF-EAA5-4971-91CD-69CB6D3D3AA4}.Debug|Any CPU.ActiveCfg = Debug|Any CPU
		{6825D9EF-EAA5-4971-91CD-69CB6D3D3AA4}.Debug|Any CPU.Build.0 = Debug|Any CPU
		{6825D9EF-EAA5-4971-91CD-69CB6D3D3AA4}.Release|Any CPU.ActiveCfg = Release|Any CPU
		{6825D9EF-EAA5-4971-91CD-69CB6D3D3AA4}.Release|Any CPU.Build.0 = Release|Any CPU
		{60ABB8DE-FC9E-4893-9F16-376987241EAE}.Debug|Any CPU.ActiveCfg = Debug|Any CPU
		{60ABB8DE-FC9E-4893-9F16-376987241EAE}.Debug|Any CPU.Build.0 = Debug|Any CPU
		{60ABB8DE-FC9E-4893-9F16-376987241EAE}.Release|Any CPU.ActiveCfg = Release|Any CPU
		{60ABB8DE-FC9E-4893-9F16-376987241EAE}.Release|Any CPU.Build.0 = Release|Any CPU
		{583A1DA0-52A7-465B-BC41-88852FD14BF9}.Debug|Any CPU.ActiveCfg = Debug|Any CPU
		{583A1DA0-52A7-465B-BC41-88852FD14BF9}.Debug|Any CPU.Build.0 = Debug|Any CPU
		{583A1DA0-52A7-465B-BC41-88852FD14BF9}.Release|Any CPU.ActiveCfg = Release|Any CPU
		{583A1DA0-52A7-465B-BC41-88852FD14BF9}.Release|Any CPU.Build.0 = Release|Any CPU
		{5E292CAF-8A2F-488A-8DF4-02B6A7FFB1ED}.Debug|Any CPU.ActiveCfg = Debug|Any CPU
		{5E292CAF-8A2F-488A-8DF4-02B6A7FFB1ED}.Debug|Any CPU.Build.0 = Debug|Any CPU
		{5E292CAF-8A2F-488A-8DF4-02B6A7FFB1ED}.Release|Any CPU.ActiveCfg = Release|Any CPU
		{5E292CAF-8A2F-488A-8DF4-02B6A7FFB1ED}.Release|Any CPU.Build.0 = Release|Any CPU
		{F5E05303-AF4B-4C52-9DA3-8F14EFE89D51}.Debug|Any CPU.ActiveCfg = Debug|Any CPU
		{F5E05303-AF4B-4C52-9DA3-8F14EFE89D51}.Debug|Any CPU.Build.0 = Debug|Any CPU
		{F5E05303-AF4B-4C52-9DA3-8F14EFE89D51}.Release|Any CPU.ActiveCfg = Release|Any CPU
		{F5E05303-AF4B-4C52-9DA3-8F14EFE89D51}.Release|Any CPU.Build.0 = Release|Any CPU
		{3466BCBB-2657-4505-8172-776523E20200}.Debug|Any CPU.ActiveCfg = Debug|Any CPU
		{3466BCBB-2657-4505-8172-776523E20200}.Debug|Any CPU.Build.0 = Debug|Any CPU
		{3466BCBB-2657-4505-8172-776523E20200}.Release|Any CPU.ActiveCfg = Release|Any CPU
		{3466BCBB-2657-4505-8172-776523E20200}.Release|Any CPU.Build.0 = Release|Any CPU
	EndGlobalSection
	GlobalSection(SolutionProperties) = preSolution
		HideSolutionNode = FALSE
	EndGlobalSection
	GlobalSection(NestedProjects) = preSolution
		{16EF5B4B-3531-49A9-B21A-E826F8AF2FD2} = {A595C0DB-AA04-45BF-84CC-E7DACEEA459C}
		{EA6E1CB7-2661-44A0-9D17-6E0C44EB48B9} = {A9ECC21D-09B4-41A5-B694-B27696FD6D43}
		{D73E5380-ED2D-446F-A5D7-29FFF3B0BCCC} = {3D4F50CD-89FB-4CF0-88AA-353EB5B6A390}
		{3D4F50CD-89FB-4CF0-88AA-353EB5B6A390} = {06B36992-0B5A-474A-9857-D3CA038C75A2}
		{A9ECC21D-09B4-41A5-B694-B27696FD6D43} = {06B36992-0B5A-474A-9857-D3CA038C75A2}
		{E1F2060B-E0DD-4900-A5F5-9494B00299B4} = {A595C0DB-AA04-45BF-84CC-E7DACEEA459C}
		{1B970975-EDDE-4190-AB75-224EE3157E29} = {E1F2060B-E0DD-4900-A5F5-9494B00299B4}
		{6825D9EF-EAA5-4971-91CD-69CB6D3D3AA4} = {16EF5B4B-3531-49A9-B21A-E826F8AF2FD2}
		{F1B2CC76-36C2-4517-95D3-475E0C787B0B} = {06B36992-0B5A-474A-9857-D3CA038C75A2}
		{60ABB8DE-FC9E-4893-9F16-376987241EAE} = {F1B2CC76-36C2-4517-95D3-475E0C787B0B}
		{98C562EA-2BF6-40AB-B7B9-21F32A4E9921} = {1499D49A-0F0A-4121-8FF8-74B088137028}
		{583A1DA0-52A7-465B-BC41-88852FD14BF9} = {98C562EA-2BF6-40AB-B7B9-21F32A4E9921}
		{5E292CAF-8A2F-488A-8DF4-02B6A7FFB1ED} = {98C562EA-2BF6-40AB-B7B9-21F32A4E9921}
		{F5E05303-AF4B-4C52-9DA3-8F14EFE89D51} = {98C562EA-2BF6-40AB-B7B9-21F32A4E9921}
		{67E111B3-4C02-4A35-930B-0C61281AA62B} = {0FC31EA0-BD12-4CF3-BEED-C5FFC12399EE}
		{3466BCBB-2657-4505-8172-776523E20200} = {67E111B3-4C02-4A35-930B-0C61281AA62B}
	EndGlobalSection
	GlobalSection(ExtensibilityGlobals) = postSolution
		SolutionGuid = {C1A8EFCC-FC88-4970-9F0F-0B19AADAAA81}
	EndGlobalSection
EndGlobal
